// !$*UTF8*$!
{
	archiveVersion = 1;
	classes = {
	};
	objectVersion = 44;
	objects = {

/* Begin PBXBuildFile section */
		0091D8F90E81B9330029341E /* OpenGL.framework in Frameworks */ = {isa = PBXBuildFile; fileRef = 0091D8F80E81B9330029341E /* OpenGL.framework */; };
		0097E3E50F3E9819005A4392 /* QuickTime.framework in Frameworks */ = {isa = PBXBuildFile; fileRef = 0097E3E40F3E9819005A4392 /* QuickTime.framework */; };
		00B784B30FF439BC000DE1D7 /* Accelerate.framework in Frameworks */ = {isa = PBXBuildFile; fileRef = 00B784AF0FF439BC000DE1D7 /* Accelerate.framework */; };
		00B784B40FF439BC000DE1D7 /* AudioToolbox.framework in Frameworks */ = {isa = PBXBuildFile; fileRef = 00B784B00FF439BC000DE1D7 /* AudioToolbox.framework */; };
		00B784B50FF439BC000DE1D7 /* AudioUnit.framework in Frameworks */ = {isa = PBXBuildFile; fileRef = 00B784B10FF439BC000DE1D7 /* AudioUnit.framework */; };
		00B784B60FF439BC000DE1D7 /* CoreAudio.framework in Frameworks */ = {isa = PBXBuildFile; fileRef = 00B784B20FF439BC000DE1D7 /* CoreAudio.framework */; };
		00BAE65A0E7ED9C10018A608 /* tearApp.cpp in Sources */ = {isa = PBXBuildFile; fileRef = 00BAE6590E7ED9C10018A608 /* tearApp.cpp */; };
		00CCAF15116A9FEE008396D5 /* CinderApp.icns in Resources */ = {isa = PBXBuildFile; fileRef = 00CCAF14116A9FEE008396D5 /* CinderApp.icns */; };
		5323E6B20EAFCA74003A9687 /* CoreVideo.framework in Frameworks */ = {isa = PBXBuildFile; fileRef = 5323E6B10EAFCA74003A9687 /* CoreVideo.framework */; };
		5323E6B60EAFCA7E003A9687 /* QTKit.framework in Frameworks */ = {isa = PBXBuildFile; fileRef = 5323E6B50EAFCA7E003A9687 /* QTKit.framework */; };
		53E3CDFC0E86099300238D2B /* Carbon.framework in Frameworks */ = {isa = PBXBuildFile; fileRef = 53E3CDFB0E86099300238D2B /* Carbon.framework */; };
		6638B95B126E330300C1080A /* wiicpp.cpp in Sources */ = {isa = PBXBuildFile; fileRef = 6638B959126E330300C1080A /* wiicpp.cpp */; };
		6638B962126E35C900C1080A /* WiiMgr.cpp in Sources */ = {isa = PBXBuildFile; fileRef = 6638B961126E35C900C1080A /* WiiMgr.cpp */; };
		6638B993126E3B4300C1080A /* balanceboard.c in Sources */ = {isa = PBXBuildFile; fileRef = 6638B974126E3B4200C1080A /* balanceboard.c */; };
		6638B994126E3B4300C1080A /* classic.c in Sources */ = {isa = PBXBuildFile; fileRef = 6638B976126E3B4200C1080A /* classic.c */; };
		6638B995126E3B4300C1080A /* dynamics.c in Sources */ = {isa = PBXBuildFile; fileRef = 6638B979126E3B4200C1080A /* dynamics.c */; };
		6638B996126E3B4300C1080A /* events.c in Sources */ = {isa = PBXBuildFile; fileRef = 6638B97B126E3B4200C1080A /* events.c */; };
		6638B997126E3B4300C1080A /* guitar_hero_3.c in Sources */ = {isa = PBXBuildFile; fileRef = 6638B97D126E3B4200C1080A /* guitar_hero_3.c */; };
		6638B998126E3B4300C1080A /* io_mac.m in Sources */ = {isa = PBXBuildFile; fileRef = 6638B980126E3B4300C1080A /* io_mac.m */; };
		6638B999126E3B4300C1080A /* io_nix.c in Sources */ = {isa = PBXBuildFile; fileRef = 6638B981126E3B4300C1080A /* io_nix.c */; };
		6638B99A126E3B4300C1080A /* io.c in Sources */ = {isa = PBXBuildFile; fileRef = 6638B982126E3B4300C1080A /* io.c */; };
		6638B99B126E3B4300C1080A /* ir.c in Sources */ = {isa = PBXBuildFile; fileRef = 6638B984126E3B4300C1080A /* ir.c */; };
		6638B99C126E3B4300C1080A /* motionplus.c in Sources */ = {isa = PBXBuildFile; fileRef = 6638B986126E3B4300C1080A /* motionplus.c */; };
		6638B99D126E3B4300C1080A /* nunchuk.c in Sources */ = {isa = PBXBuildFile; fileRef = 6638B988126E3B4300C1080A /* nunchuk.c */; };
		6638B99E126E3B4300C1080A /* speaker.c in Sources */ = {isa = PBXBuildFile; fileRef = 6638B98A126E3B4300C1080A /* speaker.c */; };
		6638B99F126E3B4300C1080A /* wiic.c in Sources */ = {isa = PBXBuildFile; fileRef = 6638B991126E3B4300C1080A /* wiic.c */; };
		664ECD4012A5C727008685EC /* Particle.cpp in Sources */ = {isa = PBXBuildFile; fileRef = 664ECD3E12A5C726008685EC /* Particle.cpp */; };
		664ECD4112A5C727008685EC /* ParticleGen.cpp in Sources */ = {isa = PBXBuildFile; fileRef = 664ECD3F12A5C727008685EC /* ParticleGen.cpp */; };
		6664150D12A8129C0092554B /* cube.obj in Resources */ = {isa = PBXBuildFile; fileRef = 6664150C12A8129C0092554B /* cube.obj */; };
		6664155F12A819940092554B /* spikeball.obj in Resources */ = {isa = PBXBuildFile; fileRef = 6664155E12A819940092554B /* spikeball.obj */; };
		66A648941270C58B00A9FA34 /* EnemyGenerator.cpp in Sources */ = {isa = PBXBuildFile; fileRef = 66A648931270C58B00A9FA34 /* EnemyGenerator.cpp */; };
		66E8BA2012B82EBE0087D2DC /* help.png in Resources */ = {isa = PBXBuildFile; fileRef = 66E8BA1F12B82EBE0087D2DC /* help.png */; };
		66E8BA9212B88DFC0087D2DC /* blur_frag.glsl in Resources */ = {isa = PBXBuildFile; fileRef = 66E8BA9012B88DFC0087D2DC /* blur_frag.glsl */; };
		66E8BA9312B88DFC0087D2DC /* blur_vert.glsl in Resources */ = {isa = PBXBuildFile; fileRef = 66E8BA9112B88DFC0087D2DC /* blur_vert.glsl */; };
		66F4627F127A236C00ED36ED /* s_bg.wav in Resources */ = {isa = PBXBuildFile; fileRef = 66F4627B127A236C00ED36ED /* s_bg.wav */; };
		66F46280127A236C00ED36ED /* s_feed.wav in Resources */ = {isa = PBXBuildFile; fileRef = 66F4627C127A236C00ED36ED /* s_feed.wav */; };
		66F46281127A236C00ED36ED /* s_hurt.wav in Resources */ = {isa = PBXBuildFile; fileRef = 66F4627D127A236C00ED36ED /* s_hurt.wav */; };
		66F46282127A236C00ED36ED /* s_uglyup.wav in Resources */ = {isa = PBXBuildFile; fileRef = 66F4627E127A236C00ED36ED /* s_uglyup.wav */; };
		66F462BD127A275E00ED36ED /* booyah.wav in Resources */ = {isa = PBXBuildFile; fileRef = 66F462BC127A275E00ED36ED /* booyah.wav */; };
		66F462E6127A2A9100ED36ED /* s4_bg.wav in Resources */ = {isa = PBXBuildFile; fileRef = 66F462E5127A2A9100ED36ED /* s4_bg.wav */; };
		66F8B9F112A0765500A3C497 /* OscBundle.cpp in Sources */ = {isa = PBXBuildFile; fileRef = 66F8B9ED12A0765500A3C497 /* OscBundle.cpp */; };
		66F8B9F212A0765500A3C497 /* OscListener.cpp in Sources */ = {isa = PBXBuildFile; fileRef = 66F8B9EE12A0765500A3C497 /* OscListener.cpp */; };
		66F8B9F312A0765500A3C497 /* OscMessage.cpp in Sources */ = {isa = PBXBuildFile; fileRef = 66F8B9EF12A0765500A3C497 /* OscMessage.cpp */; };
		66F8B9F412A0765500A3C497 /* OscSender.cpp in Sources */ = {isa = PBXBuildFile; fileRef = 66F8B9F012A0765500A3C497 /* OscSender.cpp */; };
		8D11072F0486CEB800E47090 /* Cocoa.framework in Frameworks */ = {isa = PBXBuildFile; fileRef = 1058C7A1FEA54F0111CA2CBB /* Cocoa.framework */; };
/* End PBXBuildFile section */

/* Begin PBXFileReference section */
		0091D8F80E81B9330029341E /* OpenGL.framework */ = {isa = PBXFileReference; lastKnownFileType = wrapper.framework; name = OpenGL.framework; path = /System/Library/Frameworks/OpenGL.framework; sourceTree = "<absolute>"; };
		0097E3E40F3E9819005A4392 /* QuickTime.framework */ = {isa = PBXFileReference; lastKnownFileType = wrapper.framework; name = QuickTime.framework; path = /System/Library/Frameworks/QuickTime.framework; sourceTree = "<absolute>"; };
		00B784AF0FF439BC000DE1D7 /* Accelerate.framework */ = {isa = PBXFileReference; lastKnownFileType = wrapper.framework; name = Accelerate.framework; path = System/Library/Frameworks/Accelerate.framework; sourceTree = SDKROOT; };
		00B784B00FF439BC000DE1D7 /* AudioToolbox.framework */ = {isa = PBXFileReference; lastKnownFileType = wrapper.framework; name = AudioToolbox.framework; path = System/Library/Frameworks/AudioToolbox.framework; sourceTree = SDKROOT; };
		00B784B10FF439BC000DE1D7 /* AudioUnit.framework */ = {isa = PBXFileReference; lastKnownFileType = wrapper.framework; name = AudioUnit.framework; path = System/Library/Frameworks/AudioUnit.framework; sourceTree = SDKROOT; };
		00B784B20FF439BC000DE1D7 /* CoreAudio.framework */ = {isa = PBXFileReference; lastKnownFileType = wrapper.framework; name = CoreAudio.framework; path = System/Library/Frameworks/CoreAudio.framework; sourceTree = SDKROOT; };
		00BAE6590E7ED9C10018A608 /* tearApp.cpp */ = {isa = PBXFileReference; fileEncoding = 4; lastKnownFileType = sourcecode.cpp.cpp; name = tearApp.cpp; path = ../src/tearApp.cpp; sourceTree = SOURCE_ROOT; };
		00CCAF14116A9FEE008396D5 /* CinderApp.icns */ = {isa = PBXFileReference; lastKnownFileType = image.icns; name = CinderApp.icns; path = ../resources/CinderApp.icns; sourceTree = SOURCE_ROOT; };
		1058C7A1FEA54F0111CA2CBB /* Cocoa.framework */ = {isa = PBXFileReference; lastKnownFileType = wrapper.framework; name = Cocoa.framework; path = /System/Library/Frameworks/Cocoa.framework; sourceTree = "<absolute>"; };
		13E42FB307B3F0F600E4EEF1 /* CoreData.framework */ = {isa = PBXFileReference; lastKnownFileType = wrapper.framework; name = CoreData.framework; path = /System/Library/Frameworks/CoreData.framework; sourceTree = "<absolute>"; };
		29B97324FDCFA39411CA2CEA /* AppKit.framework */ = {isa = PBXFileReference; lastKnownFileType = wrapper.framework; name = AppKit.framework; path = /System/Library/Frameworks/AppKit.framework; sourceTree = "<absolute>"; };
		29B97325FDCFA39411CA2CEA /* Foundation.framework */ = {isa = PBXFileReference; lastKnownFileType = wrapper.framework; name = Foundation.framework; path = /System/Library/Frameworks/Foundation.framework; sourceTree = "<absolute>"; };
		32CA4F630368D1EE00C91783 /* tear_Prefix.pch */ = {isa = PBXFileReference; fileEncoding = 4; lastKnownFileType = sourcecode.c.h; path = tear_Prefix.pch; sourceTree = "<group>"; };
		5323E6B10EAFCA74003A9687 /* CoreVideo.framework */ = {isa = PBXFileReference; lastKnownFileType = wrapper.framework; name = CoreVideo.framework; path = /System/Library/Frameworks/CoreVideo.framework; sourceTree = "<absolute>"; };
		5323E6B50EAFCA7E003A9687 /* QTKit.framework */ = {isa = PBXFileReference; lastKnownFileType = wrapper.framework; name = QTKit.framework; path = /System/Library/Frameworks/QTKit.framework; sourceTree = "<absolute>"; };
		53E3CDFB0E86099300238D2B /* Carbon.framework */ = {isa = PBXFileReference; lastKnownFileType = wrapper.framework; name = Carbon.framework; path = /System/Library/Frameworks/Carbon.framework; sourceTree = "<absolute>"; };
		6638B8CF126E27FB00C1080A /* GameState.h */ = {isa = PBXFileReference; fileEncoding = 4; lastKnownFileType = sourcecode.c.h; name = GameState.h; path = ../include/GameState.h; sourceTree = "<group>"; };
		6638B959126E330300C1080A /* wiicpp.cpp */ = {isa = PBXFileReference; fileEncoding = 4; lastKnownFileType = sourcecode.cpp.cpp; name = wiicpp.cpp; path = ../src/wiicpp.cpp; sourceTree = "<group>"; };
		6638B95A126E330300C1080A /* wiicpp.h */ = {isa = PBXFileReference; fileEncoding = 4; lastKnownFileType = sourcecode.c.h; name = wiicpp.h; path = ../include/wiicpp.h; sourceTree = "<group>"; };
		6638B960126E35C900C1080A /* WiiMgr.h */ = {isa = PBXFileReference; fileEncoding = 4; lastKnownFileType = sourcecode.c.h; name = WiiMgr.h; path = ../include/WiiMgr.h; sourceTree = "<group>"; };
		6638B961126E35C900C1080A /* WiiMgr.cpp */ = {isa = PBXFileReference; fileEncoding = 4; lastKnownFileType = sourcecode.cpp.cpp; name = WiiMgr.cpp; path = ../src/WiiMgr.cpp; sourceTree = "<group>"; };
		6638B974126E3B4200C1080A /* balanceboard.c */ = {isa = PBXFileReference; fileEncoding = 4; lastKnownFileType = sourcecode.c.c; name = balanceboard.c; path = ../src/balanceboard.c; sourceTree = "<group>"; };
		6638B975126E3B4200C1080A /* balanceboard.h */ = {isa = PBXFileReference; fileEncoding = 4; lastKnownFileType = sourcecode.c.h; name = balanceboard.h; path = ../include/balanceboard.h; sourceTree = "<group>"; };
		6638B976126E3B4200C1080A /* classic.c */ = {isa = PBXFileReference; fileEncoding = 4; lastKnownFileType = sourcecode.c.c; name = classic.c; path = ../src/classic.c; sourceTree = "<group>"; };
		6638B977126E3B4200C1080A /* classic.h */ = {isa = PBXFileReference; fileEncoding = 4; lastKnownFileType = sourcecode.c.h; name = classic.h; path = ../include/classic.h; sourceTree = "<group>"; };
		6638B978126E3B4200C1080A /* definitions.h */ = {isa = PBXFileReference; fileEncoding = 4; lastKnownFileType = sourcecode.c.h; name = definitions.h; path = ../include/definitions.h; sourceTree = "<group>"; };
		6638B979126E3B4200C1080A /* dynamics.c */ = {isa = PBXFileReference; fileEncoding = 4; lastKnownFileType = sourcecode.c.c; name = dynamics.c; path = ../src/dynamics.c; sourceTree = "<group>"; };
		6638B97A126E3B4200C1080A /* dynamics.h */ = {isa = PBXFileReference; fileEncoding = 4; lastKnownFileType = sourcecode.c.h; name = dynamics.h; path = ../include/dynamics.h; sourceTree = "<group>"; };
		6638B97B126E3B4200C1080A /* events.c */ = {isa = PBXFileReference; fileEncoding = 4; lastKnownFileType = sourcecode.c.c; name = events.c; path = ../src/events.c; sourceTree = "<group>"; };
		6638B97C126E3B4200C1080A /* events.h */ = {isa = PBXFileReference; fileEncoding = 4; lastKnownFileType = sourcecode.c.h; name = events.h; path = ../include/events.h; sourceTree = "<group>"; };
		6638B97D126E3B4200C1080A /* guitar_hero_3.c */ = {isa = PBXFileReference; fileEncoding = 4; lastKnownFileType = sourcecode.c.c; name = guitar_hero_3.c; path = ../src/guitar_hero_3.c; sourceTree = "<group>"; };
		6638B97E126E3B4300C1080A /* guitar_hero_3.h */ = {isa = PBXFileReference; fileEncoding = 4; lastKnownFileType = sourcecode.c.h; name = guitar_hero_3.h; path = ../include/guitar_hero_3.h; sourceTree = "<group>"; };
		6638B97F126E3B4300C1080A /* io_mac.h */ = {isa = PBXFileReference; fileEncoding = 4; lastKnownFileType = sourcecode.c.h; name = io_mac.h; path = ../include/io_mac.h; sourceTree = "<group>"; };
		6638B980126E3B4300C1080A /* io_mac.m */ = {isa = PBXFileReference; fileEncoding = 4; lastKnownFileType = sourcecode.c.objc; name = io_mac.m; path = ../src/io_mac.m; sourceTree = "<group>"; };
		6638B981126E3B4300C1080A /* io_nix.c */ = {isa = PBXFileReference; fileEncoding = 4; lastKnownFileType = sourcecode.c.c; name = io_nix.c; path = ../src/io_nix.c; sourceTree = "<group>"; };
		6638B982126E3B4300C1080A /* io.c */ = {isa = PBXFileReference; fileEncoding = 4; lastKnownFileType = sourcecode.c.c; name = io.c; path = ../src/io.c; sourceTree = "<group>"; };
		6638B983126E3B4300C1080A /* io.h */ = {isa = PBXFileReference; fileEncoding = 4; lastKnownFileType = sourcecode.c.h; name = io.h; path = ../include/io.h; sourceTree = "<group>"; };
		6638B984126E3B4300C1080A /* ir.c */ = {isa = PBXFileReference; fileEncoding = 4; lastKnownFileType = sourcecode.c.c; name = ir.c; path = ../src/ir.c; sourceTree = "<group>"; };
		6638B985126E3B4300C1080A /* ir.h */ = {isa = PBXFileReference; fileEncoding = 4; lastKnownFileType = sourcecode.c.h; name = ir.h; path = ../include/ir.h; sourceTree = "<group>"; };
		6638B986126E3B4300C1080A /* motionplus.c */ = {isa = PBXFileReference; fileEncoding = 4; lastKnownFileType = sourcecode.c.c; name = motionplus.c; path = ../src/motionplus.c; sourceTree = "<group>"; };
		6638B987126E3B4300C1080A /* motionplus.h */ = {isa = PBXFileReference; fileEncoding = 4; lastKnownFileType = sourcecode.c.h; name = motionplus.h; path = ../include/motionplus.h; sourceTree = "<group>"; };
		6638B988126E3B4300C1080A /* nunchuk.c */ = {isa = PBXFileReference; fileEncoding = 4; lastKnownFileType = sourcecode.c.c; name = nunchuk.c; path = ../src/nunchuk.c; sourceTree = "<group>"; };
		6638B989126E3B4300C1080A /* nunchuk.h */ = {isa = PBXFileReference; fileEncoding = 4; lastKnownFileType = sourcecode.c.h; name = nunchuk.h; path = ../include/nunchuk.h; sourceTree = "<group>"; };
		6638B98A126E3B4300C1080A /* speaker.c */ = {isa = PBXFileReference; fileEncoding = 4; lastKnownFileType = sourcecode.c.c; name = speaker.c; path = ../src/speaker.c; sourceTree = "<group>"; };
		6638B98B126E3B4300C1080A /* speaker.h */ = {isa = PBXFileReference; fileEncoding = 4; lastKnownFileType = sourcecode.c.h; name = speaker.h; path = ../include/speaker.h; sourceTree = "<group>"; };
		6638B98C126E3B4300C1080A /* wiic_doc.h */ = {isa = PBXFileReference; fileEncoding = 4; lastKnownFileType = sourcecode.c.h; name = wiic_doc.h; path = ../include/wiic_doc.h; sourceTree = "<group>"; };
		6638B98D126E3B4300C1080A /* wiic_functions.h */ = {isa = PBXFileReference; fileEncoding = 4; lastKnownFileType = sourcecode.c.h; name = wiic_functions.h; path = ../include/wiic_functions.h; sourceTree = "<group>"; };
		6638B98E126E3B4300C1080A /* wiic_internal.h */ = {isa = PBXFileReference; fileEncoding = 4; lastKnownFileType = sourcecode.c.h; name = wiic_internal.h; path = ../include/wiic_internal.h; sourceTree = "<group>"; };
		6638B98F126E3B4300C1080A /* wiic_macros.h */ = {isa = PBXFileReference; fileEncoding = 4; lastKnownFileType = sourcecode.c.h; name = wiic_macros.h; path = ../include/wiic_macros.h; sourceTree = "<group>"; };
		6638B990126E3B4300C1080A /* wiic_structs.h */ = {isa = PBXFileReference; fileEncoding = 4; lastKnownFileType = sourcecode.c.h; name = wiic_structs.h; path = ../include/wiic_structs.h; sourceTree = "<group>"; };
		6638B991126E3B4300C1080A /* wiic.c */ = {isa = PBXFileReference; fileEncoding = 4; lastKnownFileType = sourcecode.c.c; name = wiic.c; path = ../src/wiic.c; sourceTree = "<group>"; };
		6638B992126E3B4300C1080A /* wiic.h */ = {isa = PBXFileReference; fileEncoding = 4; lastKnownFileType = sourcecode.c.h; name = wiic.h; path = ../include/wiic.h; sourceTree = "<group>"; };
		6638BB01126E97DE00C1080A /* ts-Info.plist */ = {isa = PBXFileReference; lastKnownFileType = text.plist.xml; path = "ts-Info.plist"; sourceTree = "<group>"; };
		664ECD3C12A5C720008685EC /* Particle.h */ = {isa = PBXFileReference; fileEncoding = 4; lastKnownFileType = sourcecode.c.h; path = Particle.h; sourceTree = "<group>"; };
		664ECD3D12A5C720008685EC /* ParticleGen.h */ = {isa = PBXFileReference; fileEncoding = 4; lastKnownFileType = sourcecode.c.h; path = ParticleGen.h; sourceTree = "<group>"; };
		664ECD3E12A5C726008685EC /* Particle.cpp */ = {isa = PBXFileReference; fileEncoding = 4; lastKnownFileType = sourcecode.cpp.cpp; path = Particle.cpp; sourceTree = "<group>"; };
		664ECD3F12A5C727008685EC /* ParticleGen.cpp */ = {isa = PBXFileReference; fileEncoding = 4; lastKnownFileType = sourcecode.cpp.cpp; path = ParticleGen.cpp; sourceTree = "<group>"; };
		664ECD5112A5CA5E008685EC /* common.h */ = {isa = PBXFileReference; fileEncoding = 4; lastKnownFileType = sourcecode.c.h; path = common.h; sourceTree = "<group>"; };
		6654986412B6A0C50072B678 /* defs.h */ = {isa = PBXFileReference; fileEncoding = 4; lastKnownFileType = sourcecode.c.h; path = defs.h; sourceTree = "<group>"; };
		6664150C12A8129C0092554B /* cube.obj */ = {isa = PBXFileReference; fileEncoding = 4; lastKnownFileType = text; name = cube.obj; path = /Users/holz/code/cinder_0.8.2_mac/apps/tear/resources/cube.obj; sourceTree = "<absolute>"; };
		6664155E12A819940092554B /* spikeball.obj */ = {isa = PBXFileReference; fileEncoding = 4; lastKnownFileType = text; name = spikeball.obj; path = /Users/holz/code/cinder_0.8.2_mac/apps/tear/resources/spikeball.obj; sourceTree = "<absolute>"; };
		6697A7CF126BCDC00091953B /* EnemyGenerator.h */ = {isa = PBXFileReference; fileEncoding = 4; lastKnownFileType = sourcecode.c.h; name = EnemyGenerator.h; path = ../include/EnemyGenerator.h; sourceTree = "<group>"; };
		6697A7E6126BFC670091953B /* util.h */ = {isa = PBXFileReference; fileEncoding = 4; lastKnownFileType = sourcecode.c.h; name = util.h; path = ../include/util.h; sourceTree = "<group>"; };
		66A648931270C58B00A9FA34 /* EnemyGenerator.cpp */ = {isa = PBXFileReference; fileEncoding = 4; lastKnownFileType = sourcecode.cpp.cpp; name = EnemyGenerator.cpp; path = ../src/EnemyGenerator.cpp; sourceTree = SOURCE_ROOT; };
		66E8BA1F12B82EBE0087D2DC /* help.png */ = {isa = PBXFileReference; lastKnownFileType = image.png; name = help.png; path = /Users/holz/code/cinder_0.8.2_mac/apps/tear/resources/help.png; sourceTree = "<absolute>"; };
		66E8BA9012B88DFC0087D2DC /* blur_frag.glsl */ = {isa = PBXFileReference; fileEncoding = 4; lastKnownFileType = text; name = blur_frag.glsl; path = /Users/holz/code/cinder_0.8.2_mac/apps/tear/resources/blur_frag.glsl; sourceTree = "<absolute>"; };
		66E8BA9112B88DFC0087D2DC /* blur_vert.glsl */ = {isa = PBXFileReference; fileEncoding = 4; lastKnownFileType = text; name = blur_vert.glsl; path = /Users/holz/code/cinder_0.8.2_mac/apps/tear/resources/blur_vert.glsl; sourceTree = "<absolute>"; };
		66F46277127A22CF00ED36ED /* Resources.h */ = {isa = PBXFileReference; fileEncoding = 4; lastKnownFileType = sourcecode.c.h; path = Resources.h; sourceTree = "<group>"; };
		66F4627B127A236C00ED36ED /* s_bg.wav */ = {isa = PBXFileReference; lastKnownFileType = audio.wav; name = s_bg.wav; path = ../resources/s_bg.wav; sourceTree = SOURCE_ROOT; };
		66F4627C127A236C00ED36ED /* s_feed.wav */ = {isa = PBXFileReference; lastKnownFileType = audio.wav; name = s_feed.wav; path = ../resources/s_feed.wav; sourceTree = SOURCE_ROOT; };
		66F4627D127A236C00ED36ED /* s_hurt.wav */ = {isa = PBXFileReference; lastKnownFileType = audio.wav; name = s_hurt.wav; path = ../resources/s_hurt.wav; sourceTree = SOURCE_ROOT; };
		66F4627E127A236C00ED36ED /* s_uglyup.wav */ = {isa = PBXFileReference; lastKnownFileType = audio.wav; name = s_uglyup.wav; path = ../resources/s_uglyup.wav; sourceTree = SOURCE_ROOT; };
		66F462BC127A275E00ED36ED /* booyah.wav */ = {isa = PBXFileReference; lastKnownFileType = audio.wav; name = booyah.wav; path = ../resources/booyah.wav; sourceTree = SOURCE_ROOT; };
		66F462E5127A2A9100ED36ED /* s4_bg.wav */ = {isa = PBXFileReference; lastKnownFileType = audio.wav; name = s4_bg.wav; path = ../resources/s4_bg.wav; sourceTree = SOURCE_ROOT; };
		66F8B9ED12A0765500A3C497 /* OscBundle.cpp */ = {isa = PBXFileReference; fileEncoding = 4; lastKnownFileType = sourcecode.cpp.cpp; path = OscBundle.cpp; sourceTree = "<group>"; };
		66F8B9EE12A0765500A3C497 /* OscListener.cpp */ = {isa = PBXFileReference; fileEncoding = 4; lastKnownFileType = sourcecode.cpp.cpp; path = OscListener.cpp; sourceTree = "<group>"; };
		66F8B9EF12A0765500A3C497 /* OscMessage.cpp */ = {isa = PBXFileReference; fileEncoding = 4; lastKnownFileType = sourcecode.cpp.cpp; path = OscMessage.cpp; sourceTree = "<group>"; };
		66F8B9F012A0765500A3C497 /* OscSender.cpp */ = {isa = PBXFileReference; fileEncoding = 4; lastKnownFileType = sourcecode.cpp.cpp; path = OscSender.cpp; sourceTree = "<group>"; };
		8D1107310486CEB800E47090 /* Info.plist */ = {isa = PBXFileReference; fileEncoding = 4; lastKnownFileType = text.plist.xml; path = Info.plist; sourceTree = "<group>"; };
		8D1107320486CEB800E47090 /* tear.app */ = {isa = PBXFileReference; explicitFileType = wrapper.application; includeInIndex = 0; path = tear.app; sourceTree = BUILT_PRODUCTS_DIR; };
/* End PBXFileReference section */

/* Begin PBXFrameworksBuildPhase section */
		8D11072E0486CEB800E47090 /* Frameworks */ = {
			isa = PBXFrameworksBuildPhase;
			buildActionMask = 2147483647;
			files = (
				8D11072F0486CEB800E47090 /* Cocoa.framework in Frameworks */,
				0091D8F90E81B9330029341E /* OpenGL.framework in Frameworks */,
				53E3CDFC0E86099300238D2B /* Carbon.framework in Frameworks */,
				5323E6B20EAFCA74003A9687 /* CoreVideo.framework in Frameworks */,
				5323E6B60EAFCA7E003A9687 /* QTKit.framework in Frameworks */,
				0097E3E50F3E9819005A4392 /* QuickTime.framework in Frameworks */,
				00B784B30FF439BC000DE1D7 /* Accelerate.framework in Frameworks */,
				00B784B40FF439BC000DE1D7 /* AudioToolbox.framework in Frameworks */,
				00B784B50FF439BC000DE1D7 /* AudioUnit.framework in Frameworks */,
				00B784B60FF439BC000DE1D7 /* CoreAudio.framework in Frameworks */,
			);
			runOnlyForDeploymentPostprocessing = 0;
		};
/* End PBXFrameworksBuildPhase section */

/* Begin PBXGroup section */
		080E96DDFE201D6D7F000001 /* Source */ = {
			isa = PBXGroup;
			children = (
				664ECD3E12A5C726008685EC /* Particle.cpp */,
				664ECD3F12A5C727008685EC /* ParticleGen.cpp */,
				66A648931270C58B00A9FA34 /* EnemyGenerator.cpp */,
				6638B961126E35C900C1080A /* WiiMgr.cpp */,
				66A6489D1270C65800A9FA34 /* wiic */,
				00BAE6590E7ED9C10018A608 /* tearApp.cpp */,
				66F8B9ED12A0765500A3C497 /* OscBundle.cpp */,
				66F8B9EE12A0765500A3C497 /* OscListener.cpp */,
				66F8B9EF12A0765500A3C497 /* OscMessage.cpp */,
				66F8B9F012A0765500A3C497 /* OscSender.cpp */,
			);
			name = Source;
			sourceTree = "<group>";
		};
		1058C7A0FEA54F0111CA2CBB /* Linked Frameworks */ = {
			isa = PBXGroup;
			children = (
				00B784AF0FF439BC000DE1D7 /* Accelerate.framework */,
				00B784B00FF439BC000DE1D7 /* AudioToolbox.framework */,
				00B784B10FF439BC000DE1D7 /* AudioUnit.framework */,
				00B784B20FF439BC000DE1D7 /* CoreAudio.framework */,
				0097E3E40F3E9819005A4392 /* QuickTime.framework */,
				5323E6B50EAFCA7E003A9687 /* QTKit.framework */,
				5323E6B10EAFCA74003A9687 /* CoreVideo.framework */,
				53E3CDFB0E86099300238D2B /* Carbon.framework */,
				0091D8F80E81B9330029341E /* OpenGL.framework */,
				1058C7A1FEA54F0111CA2CBB /* Cocoa.framework */,
			);
			name = "Linked Frameworks";
			sourceTree = "<group>";
		};
		1058C7A2FEA54F0111CA2CBB /* Other Frameworks */ = {
			isa = PBXGroup;
			children = (
				29B97324FDCFA39411CA2CEA /* AppKit.framework */,
				13E42FB307B3F0F600E4EEF1 /* CoreData.framework */,
				29B97325FDCFA39411CA2CEA /* Foundation.framework */,
			);
			name = "Other Frameworks";
			sourceTree = "<group>";
		};
		19C28FACFE9D520D11CA2CBB /* Products */ = {
			isa = PBXGroup;
			children = (
				8D1107320486CEB800E47090 /* tear.app */,
			);
			name = Products;
			sourceTree = "<group>";
		};
		29B97314FDCFA39411CA2CEA /* tear */ = {
			isa = PBXGroup;
			children = (
				6638B9A0126E3B4B00C1080A /* wiic */,
				29B97315FDCFA39411CA2CEA /* Headers */,
				080E96DDFE201D6D7F000001 /* Source */,
				29B97317FDCFA39411CA2CEA /* Resources */,
				29B97323FDCFA39411CA2CEA /* Frameworks */,
				19C28FACFE9D520D11CA2CBB /* Products */,
				6638BB01126E97DE00C1080A /* ts-Info.plist */,
			);
			name = tear;
			sourceTree = "<group>";
		};
		29B97315FDCFA39411CA2CEA /* Headers */ = {
			isa = PBXGroup;
			children = (
				664ECD3C12A5C720008685EC /* Particle.h */,
				664ECD3D12A5C720008685EC /* ParticleGen.h */,
				6697A7CF126BCDC00091953B /* EnemyGenerator.h */,
				66A6489C1270C65100A9FA34 /* wiic */,
				6638B8CF126E27FB00C1080A /* GameState.h */,
				6638B960126E35C900C1080A /* WiiMgr.h */,
				32CA4F630368D1EE00C91783 /* tear_Prefix.pch */,
				66F46277127A22CF00ED36ED /* Resources.h */,
				664ECD5112A5CA5E008685EC /* common.h */,
				6654986412B6A0C50072B678 /* defs.h */,
			);
			name = Headers;
			sourceTree = "<group>";
		};
		29B97317FDCFA39411CA2CEA /* Resources */ = {
			isa = PBXGroup;
			children = (
				66E8BA9012B88DFC0087D2DC /* blur_frag.glsl */,
				66E8BA9112B88DFC0087D2DC /* blur_vert.glsl */,
				66E8BA1F12B82EBE0087D2DC /* help.png */,
				6664155E12A819940092554B /* spikeball.obj */,
				6664150C12A8129C0092554B /* cube.obj */,
				66F462E5127A2A9100ED36ED /* s4_bg.wav */,
				66F462BC127A275E00ED36ED /* booyah.wav */,
				66F4627B127A236C00ED36ED /* s_bg.wav */,
				66F4627C127A236C00ED36ED /* s_feed.wav */,
				66F4627D127A236C00ED36ED /* s_hurt.wav */,
				66F4627E127A236C00ED36ED /* s_uglyup.wav */,
				8D1107310486CEB800E47090 /* Info.plist */,
				00CCAF14116A9FEE008396D5 /* CinderApp.icns */,
			);
			name = Resources;
			sourceTree = "<group>";
		};
		29B97323FDCFA39411CA2CEA /* Frameworks */ = {
			isa = PBXGroup;
			children = (
				1058C7A0FEA54F0111CA2CBB /* Linked Frameworks */,
				1058C7A2FEA54F0111CA2CBB /* Other Frameworks */,
			);
			name = Frameworks;
			sourceTree = "<group>";
		};
		6638B9A0126E3B4B00C1080A /* wiic */ = {
			isa = PBXGroup;
			children = (
				6638B974126E3B4200C1080A /* balanceboard.c */,
				6638B976126E3B4200C1080A /* classic.c */,
				6638B979126E3B4200C1080A /* dynamics.c */,
				6638B97B126E3B4200C1080A /* events.c */,
				6638B97D126E3B4200C1080A /* guitar_hero_3.c */,
				6638B97F126E3B4300C1080A /* io_mac.h */,
				6638B975126E3B4200C1080A /* balanceboard.h */,
				6638B977126E3B4200C1080A /* classic.h */,
				6638B978126E3B4200C1080A /* definitions.h */,
				6638B97A126E3B4200C1080A /* dynamics.h */,
				6638B97C126E3B4200C1080A /* events.h */,
				6638B97E126E3B4300C1080A /* guitar_hero_3.h */,
				6638B980126E3B4300C1080A /* io_mac.m */,
				6638B981126E3B4300C1080A /* io_nix.c */,
				6638B982126E3B4300C1080A /* io.c */,
				6638B983126E3B4300C1080A /* io.h */,
				6638B984126E3B4300C1080A /* ir.c */,
				6638B985126E3B4300C1080A /* ir.h */,
				6638B986126E3B4300C1080A /* motionplus.c */,
				6638B987126E3B4300C1080A /* motionplus.h */,
				6638B988126E3B4300C1080A /* nunchuk.c */,
				6638B989126E3B4300C1080A /* nunchuk.h */,
				6638B98A126E3B4300C1080A /* speaker.c */,
				6638B98B126E3B4300C1080A /* speaker.h */,
				6638B98C126E3B4300C1080A /* wiic_doc.h */,
				6638B98D126E3B4300C1080A /* wiic_functions.h */,
				6638B98E126E3B4300C1080A /* wiic_internal.h */,
				6638B98F126E3B4300C1080A /* wiic_macros.h */,
				6638B990126E3B4300C1080A /* wiic_structs.h */,
				6638B991126E3B4300C1080A /* wiic.c */,
				6638B992126E3B4300C1080A /* wiic.h */,
			);
			name = wiic;
			sourceTree = "<group>";
		};
		66A6489C1270C65100A9FA34 /* wiic */ = {
			isa = PBXGroup;
			children = (
				6697A7E6126BFC670091953B /* util.h */,
				6638B95A126E330300C1080A /* wiicpp.h */,
			);
			name = wiic;
			sourceTree = "<group>";
		};
		66A6489D1270C65800A9FA34 /* wiic */ = {
			isa = PBXGroup;
			children = (
				6638B959126E330300C1080A /* wiicpp.cpp */,
			);
			name = wiic;
			sourceTree = "<group>";
		};
/* End PBXGroup section */

/* Begin PBXNativeTarget section */
		8D1107260486CEB800E47090 /* tear */ = {
			isa = PBXNativeTarget;
			buildConfigurationList = C01FCF4A08A954540054247B /* Build configuration list for PBXNativeTarget "tear" */;
			buildPhases = (
				8D1107290486CEB800E47090 /* Resources */,
				8D11072C0486CEB800E47090 /* Sources */,
				8D11072E0486CEB800E47090 /* Frameworks */,
			);
			buildRules = (
			);
			dependencies = (
			);
			name = tear;
			productInstallPath = "$(HOME)/Applications";
			productName = tear;
			productReference = 8D1107320486CEB800E47090 /* tear.app */;
			productType = "com.apple.product-type.application";
		};
/* End PBXNativeTarget section */

/* Begin PBXProject section */
		29B97313FDCFA39411CA2CEA /* Project object */ = {
			isa = PBXProject;
			buildConfigurationList = C01FCF4E08A954540054247B /* Build configuration list for PBXProject "tear" */;
			compatibilityVersion = "Xcode 3.0";
			hasScannedForEncodings = 1;
			mainGroup = 29B97314FDCFA39411CA2CEA /* tear */;
			projectDirPath = "";
			projectRoot = "";
			targets = (
				8D1107260486CEB800E47090 /* tear */,
			);
		};
/* End PBXProject section */

/* Begin PBXResourcesBuildPhase section */
		8D1107290486CEB800E47090 /* Resources */ = {
			isa = PBXResourcesBuildPhase;
			buildActionMask = 2147483647;
			files = (
				00CCAF15116A9FEE008396D5 /* CinderApp.icns in Resources */,
				66F4627F127A236C00ED36ED /* s_bg.wav in Resources */,
				66F46280127A236C00ED36ED /* s_feed.wav in Resources */,
				66F46281127A236C00ED36ED /* s_hurt.wav in Resources */,
				66F46282127A236C00ED36ED /* s_uglyup.wav in Resources */,
				66F462BD127A275E00ED36ED /* booyah.wav in Resources */,
				66F462E6127A2A9100ED36ED /* s4_bg.wav in Resources */,
				6664150D12A8129C0092554B /* cube.obj in Resources */,
				6664155F12A819940092554B /* spikeball.obj in Resources */,
				66E8BA2012B82EBE0087D2DC /* help.png in Resources */,
				66E8BA9212B88DFC0087D2DC /* blur_frag.glsl in Resources */,
				66E8BA9312B88DFC0087D2DC /* blur_vert.glsl in Resources */,
			);
			runOnlyForDeploymentPostprocessing = 0;
		};
/* End PBXResourcesBuildPhase section */

/* Begin PBXSourcesBuildPhase section */
		8D11072C0486CEB800E47090 /* Sources */ = {
			isa = PBXSourcesBuildPhase;
			buildActionMask = 2147483647;
			files = (
				00BAE65A0E7ED9C10018A608 /* tearApp.cpp in Sources */,
				6638B95B126E330300C1080A /* wiicpp.cpp in Sources */,
				6638B962126E35C900C1080A /* WiiMgr.cpp in Sources */,
				6638B993126E3B4300C1080A /* balanceboard.c in Sources */,
				6638B994126E3B4300C1080A /* classic.c in Sources */,
				6638B995126E3B4300C1080A /* dynamics.c in Sources */,
				6638B996126E3B4300C1080A /* events.c in Sources */,
				6638B997126E3B4300C1080A /* guitar_hero_3.c in Sources */,
				6638B998126E3B4300C1080A /* io_mac.m in Sources */,
				6638B999126E3B4300C1080A /* io_nix.c in Sources */,
				6638B99A126E3B4300C1080A /* io.c in Sources */,
				6638B99B126E3B4300C1080A /* ir.c in Sources */,
				6638B99C126E3B4300C1080A /* motionplus.c in Sources */,
				6638B99D126E3B4300C1080A /* nunchuk.c in Sources */,
				6638B99E126E3B4300C1080A /* speaker.c in Sources */,
				6638B99F126E3B4300C1080A /* wiic.c in Sources */,
				66A648941270C58B00A9FA34 /* EnemyGenerator.cpp in Sources */,
				66F8B9F112A0765500A3C497 /* OscBundle.cpp in Sources */,
				66F8B9F212A0765500A3C497 /* OscListener.cpp in Sources */,
				66F8B9F312A0765500A3C497 /* OscMessage.cpp in Sources */,
				66F8B9F412A0765500A3C497 /* OscSender.cpp in Sources */,
				664ECD4012A5C727008685EC /* Particle.cpp in Sources */,
				664ECD4112A5C727008685EC /* ParticleGen.cpp in Sources */,
			);
			runOnlyForDeploymentPostprocessing = 0;
		};
/* End PBXSourcesBuildPhase section */

/* Begin XCBuildConfiguration section */
		C01FCF4B08A954540054247B /* Debug */ = {
			isa = XCBuildConfiguration;
			buildSettings = {
				CINDER_PATH = ../../../../cinder_0.8.2_mac;
				COPY_PHASE_STRIP = NO;
				GCC_DYNAMIC_NO_PIC = NO;
				GCC_ENABLE_FIX_AND_CONTINUE = YES;
				GCC_INLINES_ARE_PRIVATE_EXTERN = YES;
				GCC_MODEL_TUNING = G5;
				GCC_OPTIMIZATION_LEVEL = 0;
				GCC_PRECOMPILE_PREFIX_HEADER = YES;
				GCC_PREFIX_HEADER = tear_Prefix.pch;
				GCC_SYMBOLS_PRIVATE_EXTERN = NO;
				INFOPLIST_FILE = Info.plist;
				INSTALL_PATH = "$(HOME)/Applications";
				OTHER_LDFLAGS = (
					../../../blocks/osc/lib/macosx/osc.a,
					"-framework",
					IOBluetooth,
					"\"$(CINDER_PATH)/lib/libcinder_d.a\"",
				);
				PRODUCT_NAME = tear;
				WRAPPER_EXTENSION = app;
			};
			name = Debug;
		};
		C01FCF4C08A954540054247B /* Release */ = {
			isa = XCBuildConfiguration;
			buildSettings = {
				DEAD_CODE_STRIPPING = YES;
				DEBUG_INFORMATION_FORMAT = "dwarf-with-dsym";
				GCC_FAST_MATH = YES;
				GCC_GENERATE_DEBUGGING_SYMBOLS = NO;
				GCC_INLINES_ARE_PRIVATE_EXTERN = YES;
				GCC_MODEL_TUNING = G5;
				GCC_OPTIMIZATION_LEVEL = 3;
				GCC_PRECOMPILE_PREFIX_HEADER = YES;
				GCC_PREFIX_HEADER = tear_Prefix.pch;
				GCC_SYMBOLS_PRIVATE_EXTERN = NO;
				INFOPLIST_FILE = Info.plist;
				INSTALL_PATH = "$(HOME)/Applications";
				OTHER_LDFLAGS = "\"$(CINDER_PATH)/lib/libcinder.a\"";
				PRODUCT_NAME = tear;
				STRIP_INSTALLED_PRODUCT = YES;
				WRAPPER_EXTENSION = app;
			};
			name = Release;
		};
		C01FCF4F08A954540054247B /* Debug */ = {
			isa = XCBuildConfiguration;
			buildSettings = {
				ALWAYS_SEARCH_USER_PATHS = NO;
				ARCHS = i386;
				CINDER_PATH = ../../../../cinder;
				GCC_WARN_ABOUT_RETURN_TYPE = YES;
				GCC_WARN_UNUSED_VARIABLE = YES;
				HEADER_SEARCH_PATHS = "\"$(CINDER_PATH)/boost\"";
				MACOSX_DEPLOYMENT_TARGET = 10.5;
				PREBINDING = NO;
				SDKROOT = "$(DEVELOPER_SDK_DIR)/MacOSX10.6.sdk";
				USER_HEADER_SEARCH_PATHS = "../../../blocks/osc/include/ \"$(CINDER_PATH)/include\" ../include";
			};
			name = Debug;
		};
		C01FCF5008A954540054247B /* Release */ = {
			isa = XCBuildConfiguration;
			buildSettings = {
				ALWAYS_SEARCH_USER_PATHS = NO;
				ARCHS = i386;
				CINDER_PATH = ../../../../cinder;
				GCC_WARN_ABOUT_RETURN_TYPE = YES;
				GCC_WARN_UNUSED_VARIABLE = YES;
				HEADER_SEARCH_PATHS = "\"$(CINDER_PATH)/boost\"";
				MACOSX_DEPLOYMENT_TARGET = 10.5;
				PREBINDING = NO;
				SDKROOT = "$(DEVELOPER_SDK_DIR)/MacOSX10.6.sdk";
				USER_HEADER_SEARCH_PATHS = "\"$(CINDER_PATH)/include\" ../include";
			};
			name = Release;
		};
/* End XCBuildConfiguration section */

/* Begin XCConfigurationList section */
		C01FCF4A08A954540054247B /* Build configuration list for PBXNativeTarget "tear" */ = {
			isa = XCConfigurationList;
			buildConfigurations = (
				C01FCF4B08A954540054247B /* Debug */,
				C01FCF4C08A954540054247B /* Release */,
			);
			defaultConfigurationIsVisible = 0;
			defaultConfigurationName = Release;
		};
		C01FCF4E08A954540054247B /* Build configuration list for PBXProject "tear" */ = {
			isa = XCConfigurationList;
			buildConfigurations = (
				C01FCF4F08A954540054247B /* Debug */,
				C01FCF5008A954540054247B /* Release */,
			);
			defaultConfigurationIsVisible = 0;
			defaultConfigurationName = Release;
		};
/* End XCConfigurationList section */
	};
	rootObject = 29B97313FDCFA39411CA2CEA /* Project object */;
}
